
Microsoft Visual Studio Solution File, Format Version 12.00
# Visual Studio Version 17
VisualStudioVersion = 17.9.34723.18
MinimumVisualStudioVersion = 10.0.40219.1
Project("{FAE04EC0-301F-11D3-BF4B-00C04F79EFBC}") = "Prog120_S24_L11_Methods3", "Prog120_S24_L11_Methods3.csproj", "{DC752090-7B61-4F1A-9A04-4EB54F581BF5}"
EndProject
Global
	GlobalSection(SolutionConfigurationPlatforms) = preSolution
		Debug|Any CPU = Debug|Any CPU
		Release|Any CPU = Release|Any CPU
	EndGlobalSection
	GlobalSection(ProjectConfigurationPlatforms) = postSolution
		{DC752090-7B61-4F1A-9A04-4EB54F581BF5}.Debug|Any CPU.ActiveCfg = Debug|Any CPU
		{DC752090-7B61-4F1A-9A04-4EB54F581BF5}.Debug|Any CPU.Build.0 = Debug|Any CPU
		{DC752090-7B61-4F1A-9A04-4EB54F581BF5}.Release|Any CPU.ActiveCfg = Release|Any CPU
		{DC752090-7B61-4F1A-9A04-4EB54F581BF5}.Release|Any CPU.Build.0 = Release|Any CPU
	EndGlobalSection
	GlobalSection(SolutionProperties) = preSolution
		HideSolutionNode = FALSE
	EndGlobalSection
	GlobalSection(ExtensibilityGlobals) = postSolution
		SolutionGuid = {1E5AA821-A1B1-43A1-8136-1966B41F4CBB}
	EndGlobalSection
EndGlobal
